
Microsoft Visual Studio Solution File, Format Version 12.00
# Visual Studio 14
VisualStudioVersion = 14.0.25420.1
MinimumVisualStudioVersion = 10.0.40219.1
Project("{D954291E-2A0B-460D-934E-DC6B0785DB48}") = "Commun", "Commun\Commun.shproj", "{C38C390F-9652-4B76-A895-721991F261D6}"
EndProject
Global
	GlobalSection(SharedMSBuildProjectFiles) = preSolution
		Commun\Commun.projitems*{c38c390f-9652-4b76-a895-721991f261d6}*SharedItemsImports = 13
	EndGlobalSection
	GlobalSection(SolutionProperties) = preSolution
		HideSolutionNode = FALSE
	EndGlobalSection
EndGlobal
